
Microsoft Visual Studio Solution File, Format Version 12.00
# Visual Studio Version 16
VisualStudioVersion = 16.0.31005.135
MinimumVisualStudioVersion = 10.0.40219.1
Project("{9A19103F-16F7-4668-BE54-9A1E7A4F7556}") = "Vodovoz.UI", "Vodovoz.UI\Vodovoz.UI.csproj", "{590E898B-AC3C-4734-B958-C1E341ADA61B}"
EndProject
Project("{9A19103F-16F7-4668-BE54-9A1E7A4F7556}") = "Vodovoz.BL", "Vodovoz.BL\Vodovoz.BL.csproj", "{36B50885-E08A-4FE7-8AB8-357144A0B19B}"
EndProject
Global
	GlobalSection(SolutionConfigurationPlatforms) = preSolution
		Debug|Any CPU = Debug|Any CPU
		Release|Any CPU = Release|Any CPU
	EndGlobalSection
	GlobalSection(ProjectConfigurationPlatforms) = postSolution
		{590E898B-AC3C-4734-B958-C1E341ADA61B}.Debug|Any CPU.ActiveCfg = Debug|Any CPU
		{590E898B-AC3C-4734-B958-C1E341ADA61B}.Debug|Any CPU.Build.0 = Debug|Any CPU
		{590E898B-AC3C-4734-B958-C1E341ADA61B}.Release|Any CPU.ActiveCfg = Release|Any CPU
		{590E898B-AC3C-4734-B958-C1E341ADA61B}.Release|Any CPU.Build.0 = Release|Any CPU
		{36B50885-E08A-4FE7-8AB8-357144A0B19B}.Debug|Any CPU.ActiveCfg = Debug|Any CPU
		{36B50885-E08A-4FE7-8AB8-357144A0B19B}.Debug|Any CPU.Build.0 = Debug|Any CPU
		{36B50885-E08A-4FE7-8AB8-357144A0B19B}.Release|Any CPU.ActiveCfg = Release|Any CPU
		{36B50885-E08A-4FE7-8AB8-357144A0B19B}.Release|Any CPU.Build.0 = Release|Any CPU
	EndGlobalSection
	GlobalSection(SolutionProperties) = preSolution
		HideSolutionNode = FALSE
	EndGlobalSection
	GlobalSection(ExtensibilityGlobals) = postSolution
		SolutionGuid = {CE5D0046-609A-43DD-AB69-E912204DEBE9}
	EndGlobalSection
EndGlobal
